
Microsoft Visual Studio Solution File, Format Version 12.00
# Visual Studio Version 17
VisualStudioVersion = 17.14.36408.4 d17.14
MinimumVisualStudioVersion = 10.0.40219.1
Project("{FAE04EC0-301F-11D3-BF4B-00C04F79EFBC}") = "PalmOasis-Limpieza-Push", "PalmOasis-Limpieza-Push.csproj", "{3152933D-1D81-441C-813F-8FA30648EE65}"
EndProject
Global
	GlobalSection(SolutionConfigurationPlatforms) = preSolution
		Debug|Any CPU = Debug|Any CPU
		Release|Any CPU = Release|Any CPU
	EndGlobalSection
	GlobalSection(ProjectConfigurationPlatforms) = postSolution
		{3152933D-1D81-441C-813F-8FA30648EE65}.Debug|Any CPU.ActiveCfg = Debug|Any CPU
		{3152933D-1D81-441C-813F-8FA30648EE65}.Debug|Any CPU.Build.0 = Debug|Any CPU
		{3152933D-1D81-441C-813F-8FA30648EE65}.Release|Any CPU.ActiveCfg = Release|Any CPU
		{3152933D-1D81-441C-813F-8FA30648EE65}.Release|Any CPU.Build.0 = Release|Any CPU
	EndGlobalSection
	GlobalSection(SolutionProperties) = preSolution
		HideSolutionNode = FALSE
	EndGlobalSection
	GlobalSection(ExtensibilityGlobals) = postSolution
		SolutionGuid = {01658DC5-9E88-43E3-8595-E2C48F743B6C}
	EndGlobalSection
EndGlobal
